
Microsoft Visual Studio Solution File, Format Version 12.00
# Visual Studio 15
Project("{FAE04EC0-301F-11D3-BF4B-00C04F79EFBC}") = "MusicAnalyzer", "MusicAnalyzer.csproj", "{D49DB573-F2DB-46BE-91C5-B83F8EF69AE1}"
EndProject
Global
	GlobalSection(SolutionConfigurationPlatforms) = preSolution
		Debug|Any CPU = Debug|Any CPU
		Release|Any CPU = Release|Any CPU
	EndGlobalSection
	GlobalSection(ProjectConfigurationPlatforms) = postSolution
		{D49DB573-F2DB-46BE-91C5-B83F8EF69AE1}.Debug|Any CPU.ActiveCfg = Debug|Any CPU
		{D49DB573-F2DB-46BE-91C5-B83F8EF69AE1}.Debug|Any CPU.Build.0 = Debug|Any CPU
		{D49DB573-F2DB-46BE-91C5-B83F8EF69AE1}.Release|Any CPU.ActiveCfg = Release|Any CPU
		{D49DB573-F2DB-46BE-91C5-B83F8EF69AE1}.Release|Any CPU.Build.0 = Release|Any CPU
	EndGlobalSection
EndGlobal
